# generated by rye
# use `rye lock` or `rye sync` to update this lockfile
#
# last locked with the following flags:
#   pre: false
#   features: []
#   all-features: false
#   with-sources: false
#   generate-hashes: false

-e file:.
blessed==1.20.0
    # via mozlog
browsermob-proxy==0.8.0
    # via marionette-harness
certifi==2024.6.2
    # via requests
charset-normalizer==3.3.2
    # via requests
distro==1.9.0
    # via mozinfo
h2==4.1.0
    # via wptserve
hpack==4.0.0
    # via h2
hyperframe==6.0.1
    # via h2
idna==3.7
    # via requests
manifestparser==2.1.0
    # via marionette-harness
marionette-driver==3.4.0
    # via marionette
    # via marionette-harness
marionette-harness==5.0.0
    # via marionette
mozcrash==2.2.0
    # via marionette-harness
mozdevice==4.1.2
    # via marionette-harness
    # via mozrunner
mozfile==3.0.0
    # via mozcrash
    # via mozinfo
    # via mozlog
    # via mozprofile
    # via mozrunner
mozinfo==1.2.3
    # via marionette-harness
    # via moznetwork
    # via mozprocess
    # via mozrunner
    # via moztest
mozlog==8.0.0
    # via manifestparser
    # via marionette-harness
    # via mozcrash
    # via mozdevice
    # via moznetwork
    # via mozprofile
    # via mozrunner
    # via mozversion
moznetwork==1.1.0
    # via marionette-harness
mozprocess==1.3.1
    # via marionette-harness
    # via mozrunner
mozprofile==3.0.0
    # via marionette-harness
    # via mozrunner
mozrunner==8.3.1
    # via marionette-driver
    # via marionette-harness
mozterm==1.0.0
    # via mozlog
moztest==1.1.0
    # via marionette-harness
mozversion==2.4.0
    # via marionette-driver
    # via marionette-harness
pywebsocket3==4.0.2
    # via wptserve
pyyaml==6.0.2
    # via marionette
requests==2.32.3
    # via browsermob-proxy
six==1.16.0
    # via blessed
    # via manifestparser
    # via marionette-driver
    # via marionette-harness
    # via mozfile
    # via mozlog
    # via mozprofile
    # via mozrunner
    # via mozterm
    # via mozversion
    # via pywebsocket3
urllib3==2.2.1
    # via requests
wcwidth==0.2.13
    # via blessed
wptserve==4.0.2
    # via marionette-harness
